
Microsoft Visual Studio Solution File, Format Version 12.00
# Visual Studio Version 17
VisualStudioVersion = 17.5.002.0
MinimumVisualStudioVersion = 10.0.40219.1
Project("{2150E333-8FDC-42A3-9474-1A3956D46DE8}") = "csharp-prep", "csharp-prep", "{36796C28-D29F-431D-92ED-771F9A0EE06D}"
EndProject
Project("{9A19103F-16F7-4668-BE54-9A1E7A4F7556}") = "Prep1", "csharp-prep\Prep1\Prep1.csproj", "{13F10474-C8E8-4CD3-B3A6-E670CED3240E}"
EndProject
Project("{9A19103F-16F7-4668-BE54-9A1E7A4F7556}") = "Prep2", "csharp-prep\Prep2\Prep2.csproj", "{DDF0BE4A-B672-44BF-B0D2-1494499615AC}"
EndProject
Project("{9A19103F-16F7-4668-BE54-9A1E7A4F7556}") = "Prep3", "csharp-prep\Prep3\Prep3.csproj", "{C2257C97-F643-4644-8D02-6638AF8BD891}"
EndProject
Project("{9A19103F-16F7-4668-BE54-9A1E7A4F7556}") = "Prep4", "csharp-prep\Prep4\Prep4.csproj", "{8C5FDCB2-EB4A-497D-8C43-B335B7F71D7F}"
EndProject
Project("{9A19103F-16F7-4668-BE54-9A1E7A4F7556}") = "Prep5", "csharp-prep\Prep5\Prep5.csproj", "{0B06171D-1328-4FA5-8399-E3E1C631B124}"
EndProject
Project("{2150E333-8FDC-42A3-9474-1A3956D46DE8}") = "final", "final", "{951177A1-1C78-4E96-825F-62729A340BB0}"
EndProject
Project("{9A19103F-16F7-4668-BE54-9A1E7A4F7556}") = "FinalProject", "final\FinalProject\FinalProject.csproj", "{552AB8CC-F1E4-4FDD-A375-F0C662AAA9CF}"
EndProject
Project("{9A19103F-16F7-4668-BE54-9A1E7A4F7556}") = "Foundation1", "final\Foundation1\Foundation1.csproj", "{D9880871-1B9E-40DD-952E-33EC87793A65}"
EndProject
Project("{9A19103F-16F7-4668-BE54-9A1E7A4F7556}") = "Foundation2", "final\Foundation2\Foundation2.csproj", "{3EA2BF0F-ABBF-4469-A666-F7A240AF4C30}"
EndProject
Project("{9A19103F-16F7-4668-BE54-9A1E7A4F7556}") = "Foundation3", "final\Foundation3\Foundation3.csproj", "{7EAB9A85-D74C-4E7E-BB25-A2DBE54FF1B7}"
EndProject
Project("{9A19103F-16F7-4668-BE54-9A1E7A4F7556}") = "Foundation4", "final\Foundation4\Foundation4.csproj", "{9388CC90-C82F-499C-9C6E-A6C1CF4A77F5}"
EndProject
Project("{2150E333-8FDC-42A3-9474-1A3956D46DE8}") = "prepare", "prepare", "{1DE8CD8D-1622-4514-972A-49CA505FDD2B}"
EndProject
Project("{9A19103F-16F7-4668-BE54-9A1E7A4F7556}") = "Learning02", "prepare\Learning02\Learning02.csproj", "{7BEE85E9-D4E3-48FC-9961-4720BCEEAA27}"
EndProject
Project("{9A19103F-16F7-4668-BE54-9A1E7A4F7556}") = "Learning03", "prepare\Learning03\Learning03.csproj", "{45894ED3-1FB0-4BC3-885A-116CBC0C2771}"
EndProject
Project("{9A19103F-16F7-4668-BE54-9A1E7A4F7556}") = "Learning04", "prepare\Learning04\Learning04.csproj", "{928F7428-CFA4-4206-A5CC-06C7A6A05841}"
EndProject
Project("{9A19103F-16F7-4668-BE54-9A1E7A4F7556}") = "Learning05", "prepare\Learning05\Learning05.csproj", "{9AC3B0B9-8CA6-4495-9953-B4097447796E}"
EndProject
Project("{2150E333-8FDC-42A3-9474-1A3956D46DE8}") = "prove", "prove", "{3B7410FA-08F8-4135-A31C-BEDB0F8058DB}"
EndProject
Project("{9A19103F-16F7-4668-BE54-9A1E7A4F7556}") = "Develop02", "prove\Develop02\Develop02.csproj", "{FA772246-7A67-456A-BAA7-14156EA0E391}"
EndProject
Project("{9A19103F-16F7-4668-BE54-9A1E7A4F7556}") = "Develop03", "prove\Develop03\Develop03.csproj", "{820C57C9-5AC2-407B-B45B-A23A71735D21}"
EndProject
Project("{9A19103F-16F7-4668-BE54-9A1E7A4F7556}") = "Develop04", "prove\Develop04\Develop04.csproj", "{DDAF31DC-71E9-4720-886C-8F3C688824D3}"
EndProject
Project("{9A19103F-16F7-4668-BE54-9A1E7A4F7556}") = "Develop05", "prove\Develop05\Develop05.csproj", "{EA0075FE-3B93-4EFF-87ED-4C522B377362}"
EndProject
Project("{2150E333-8FDC-42A3-9474-1A3956D46DE8}") = "sandbox", "sandbox", "{54D1D6B5-34BD-418F-8E9E-ED9CE1CE63D0}"
EndProject
Project("{9A19103F-16F7-4668-BE54-9A1E7A4F7556}") = "Sandbox", "sandbox\Sandbox\Sandbox.csproj", "{55350050-6969-4A63-B775-A63DBE41CE42}"
EndProject
Global
	GlobalSection(SolutionConfigurationPlatforms) = preSolution
		Debug|Any CPU = Debug|Any CPU
		Release|Any CPU = Release|Any CPU
	EndGlobalSection
	GlobalSection(ProjectConfigurationPlatforms) = postSolution
		{13F10474-C8E8-4CD3-B3A6-E670CED3240E}.Debug|Any CPU.ActiveCfg = Debug|Any CPU
		{13F10474-C8E8-4CD3-B3A6-E670CED3240E}.Debug|Any CPU.Build.0 = Debug|Any CPU
		{13F10474-C8E8-4CD3-B3A6-E670CED3240E}.Release|Any CPU.ActiveCfg = Release|Any CPU
		{13F10474-C8E8-4CD3-B3A6-E670CED3240E}.Release|Any CPU.Build.0 = Release|Any CPU
		{DDF0BE4A-B672-44BF-B0D2-1494499615AC}.Debug|Any CPU.ActiveCfg = Debug|Any CPU
		{DDF0BE4A-B672-44BF-B0D2-1494499615AC}.Debug|Any CPU.Build.0 = Debug|Any CPU
		{DDF0BE4A-B672-44BF-B0D2-1494499615AC}.Release|Any CPU.ActiveCfg = Release|Any CPU
		{DDF0BE4A-B672-44BF-B0D2-1494499615AC}.Release|Any CPU.Build.0 = Release|Any CPU
		{C2257C97-F643-4644-8D02-6638AF8BD891}.Debug|Any CPU.ActiveCfg = Debug|Any CPU
		{C2257C97-F643-4644-8D02-6638AF8BD891}.Debug|Any CPU.Build.0 = Debug|Any CPU
		{C2257C97-F643-4644-8D02-6638AF8BD891}.Release|Any CPU.ActiveCfg = Release|Any CPU
		{C2257C97-F643-4644-8D02-6638AF8BD891}.Release|Any CPU.Build.0 = Release|Any CPU
		{8C5FDCB2-EB4A-497D-8C43-B335B7F71D7F}.Debug|Any CPU.ActiveCfg = Debug|Any CPU
		{8C5FDCB2-EB4A-497D-8C43-B335B7F71D7F}.Debug|Any CPU.Build.0 = Debug|Any CPU
		{8C5FDCB2-EB4A-497D-8C43-B335B7F71D7F}.Release|Any CPU.ActiveCfg = Release|Any CPU
		{8C5FDCB2-EB4A-497D-8C43-B335B7F71D7F}.Release|Any CPU.Build.0 = Release|Any CPU
		{0B06171D-1328-4FA5-8399-E3E1C631B124}.Debug|Any CPU.ActiveCfg = Debug|Any CPU
		{0B06171D-1328-4FA5-8399-E3E1C631B124}.Debug|Any CPU.Build.0 = Debug|Any CPU
		{0B06171D-1328-4FA5-8399-E3E1C631B124}.Release|Any CPU.ActiveCfg = Release|Any CPU
		{0B06171D-1328-4FA5-8399-E3E1C631B124}.Release|Any CPU.Build.0 = Release|Any CPU
		{552AB8CC-F1E4-4FDD-A375-F0C662AAA9CF}.Debug|Any CPU.ActiveCfg = Debug|Any CPU
		{552AB8CC-F1E4-4FDD-A375-F0C662AAA9CF}.Debug|Any CPU.Build.0 = Debug|Any CPU
		{552AB8CC-F1E4-4FDD-A375-F0C662AAA9CF}.Release|Any CPU.ActiveCfg = Release|Any CPU
		{552AB8CC-F1E4-4FDD-A375-F0C662AAA9CF}.Release|Any CPU.Build.0 = Release|Any CPU
		{D9880871-1B9E-40DD-952E-33EC87793A65}.Debug|Any CPU.ActiveCfg = Debug|Any CPU
		{D9880871-1B9E-40DD-952E-33EC87793A65}.Debug|Any CPU.Build.0 = Debug|Any CPU
		{D9880871-1B9E-40DD-952E-33EC87793A65}.Release|Any CPU.ActiveCfg = Release|Any CPU
		{D9880871-1B9E-40DD-952E-33EC87793A65}.Release|Any CPU.Build.0 = Release|Any CPU
		{3EA2BF0F-ABBF-4469-A666-F7A240AF4C30}.Debug|Any CPU.ActiveCfg = Debug|Any CPU
		{3EA2BF0F-ABBF-4469-A666-F7A240AF4C30}.Debug|Any CPU.Build.0 = Debug|Any CPU
		{3EA2BF0F-ABBF-4469-A666-F7A240AF4C30}.Release|Any CPU.ActiveCfg = Release|Any CPU
		{3EA2BF0F-ABBF-4469-A666-F7A240AF4C30}.Release|Any CPU.Build.0 = Release|Any CPU
		{7EAB9A85-D74C-4E7E-BB25-A2DBE54FF1B7}.Debug|Any CPU.ActiveCfg = Debug|Any CPU
		{7EAB9A85-D74C-4E7E-BB25-A2DBE54FF1B7}.Debug|Any CPU.Build.0 = Debug|Any CPU
		{7EAB9A85-D74C-4E7E-BB25-A2DBE54FF1B7}.Release|Any CPU.ActiveCfg = Release|Any CPU
		{7EAB9A85-D74C-4E7E-BB25-A2DBE54FF1B7}.Release|Any CPU.Build.0 = Release|Any CPU
		{9388CC90-C82F-499C-9C6E-A6C1CF4A77F5}.Debug|Any CPU.ActiveCfg = Debug|Any CPU
		{9388CC90-C82F-499C-9C6E-A6C1CF4A77F5}.Debug|Any CPU.Build.0 = Debug|Any CPU
		{9388CC90-C82F-499C-9C6E-A6C1CF4A77F5}.Release|Any CPU.ActiveCfg = Release|Any CPU
		{9388CC90-C82F-499C-9C6E-A6C1CF4A77F5}.Release|Any CPU.Build.0 = Release|Any CPU
		{7BEE85E9-D4E3-48FC-9961-4720BCEEAA27}.Debug|Any CPU.ActiveCfg = Debug|Any CPU
		{7BEE85E9-D4E3-48FC-9961-4720BCEEAA27}.Debug|Any CPU.Build.0 = Debug|Any CPU
		{7BEE85E9-D4E3-48FC-9961-4720BCEEAA27}.Release|Any CPU.ActiveCfg = Release|Any CPU
		{7BEE85E9-D4E3-48FC-9961-4720BCEEAA27}.Release|Any CPU.Build.0 = Release|Any CPU
		{45894ED3-1FB0-4BC3-885A-116CBC0C2771}.Debug|Any CPU.ActiveCfg = Debug|Any CPU
		{45894ED3-1FB0-4BC3-885A-116CBC0C2771}.Debug|Any CPU.Build.0 = Debug|Any CPU
		{45894ED3-1FB0-4BC3-885A-116CBC0C2771}.Release|Any CPU.ActiveCfg = Release|Any CPU
		{45894ED3-1FB0-4BC3-885A-116CBC0C2771}.Release|Any CPU.Build.0 = Release|Any CPU
		{928F7428-CFA4-4206-A5CC-06C7A6A05841}.Debug|Any CPU.ActiveCfg = Debug|Any CPU
		{928F7428-CFA4-4206-A5CC-06C7A6A05841}.Debug|Any CPU.Build.0 = Debug|Any CPU
		{928F7428-CFA4-4206-A5CC-06C7A6A05841}.Release|Any CPU.ActiveCfg = Release|Any CPU
		{928F7428-CFA4-4206-A5CC-06C7A6A05841}.Release|Any CPU.Build.0 = Release|Any CPU
		{9AC3B0B9-8CA6-4495-9953-B4097447796E}.Debug|Any CPU.ActiveCfg = Debug|Any CPU
		{9AC3B0B9-8CA6-4495-9953-B4097447796E}.Debug|Any CPU.Build.0 = Debug|Any CPU
		{9AC3B0B9-8CA6-4495-9953-B4097447796E}.Release|Any CPU.ActiveCfg = Release|Any CPU
		{9AC3B0B9-8CA6-4495-9953-B4097447796E}.Release|Any CPU.Build.0 = Release|Any CPU
		{FA772246-7A67-456A-BAA7-14156EA0E391}.Debug|Any CPU.ActiveCfg = Debug|Any CPU
		{FA772246-7A67-456A-BAA7-14156EA0E391}.Debug|Any CPU.Build.0 = Debug|Any CPU
		{FA772246-7A67-456A-BAA7-14156EA0E391}.Release|Any CPU.ActiveCfg = Release|Any CPU
		{FA772246-7A67-456A-BAA7-14156EA0E391}.Release|Any CPU.Build.0 = Release|Any CPU
		{820C57C9-5AC2-407B-B45B-A23A71735D21}.Debug|Any CPU.ActiveCfg = Debug|Any CPU
		{820C57C9-5AC2-407B-B45B-A23A71735D21}.Debug|Any CPU.Build.0 = Debug|Any CPU
		{820C57C9-5AC2-407B-B45B-A23A71735D21}.Release|Any CPU.ActiveCfg = Release|Any CPU
		{820C57C9-5AC2-407B-B45B-A23A71735D21}.Release|Any CPU.Build.0 = Release|Any CPU
		{DDAF31DC-71E9-4720-886C-8F3C688824D3}.Debug|Any CPU.ActiveCfg = Debug|Any CPU
		{DDAF31DC-71E9-4720-886C-8F3C688824D3}.Debug|Any CPU.Build.0 = Debug|Any CPU
		{DDAF31DC-71E9-4720-886C-8F3C688824D3}.Release|Any CPU.ActiveCfg = Release|Any CPU
		{DDAF31DC-71E9-4720-886C-8F3C688824D3}.Release|Any CPU.Build.0 = Release|Any CPU
		{EA0075FE-3B93-4EFF-87ED-4C522B377362}.Debug|Any CPU.ActiveCfg = Debug|Any CPU
		{EA0075FE-3B93-4EFF-87ED-4C522B377362}.Debug|Any CPU.Build.0 = Debug|Any CPU
		{EA0075FE-3B93-4EFF-87ED-4C522B377362}.Release|Any CPU.ActiveCfg = Release|Any CPU
		{EA0075FE-3B93-4EFF-87ED-4C522B377362}.Release|Any CPU.Build.0 = Release|Any CPU
		{55350050-6969-4A63-B775-A63DBE41CE42}.Debug|Any CPU.ActiveCfg = Debug|Any CPU
		{55350050-6969-4A63-B775-A63DBE41CE42}.Debug|Any CPU.Build.0 = Debug|Any CPU
		{55350050-6969-4A63-B775-A63DBE41CE42}.Release|Any CPU.ActiveCfg = Release|Any CPU
		{55350050-6969-4A63-B775-A63DBE41CE42}.Release|Any CPU.Build.0 = Release|Any CPU
	EndGlobalSection
	GlobalSection(SolutionProperties) = preSolution
		HideSolutionNode = FALSE
	EndGlobalSection
	GlobalSection(NestedProjects) = preSolution
		{13F10474-C8E8-4CD3-B3A6-E670CED3240E} = {36796C28-D29F-431D-92ED-771F9A0EE06D}
		{DDF0BE4A-B672-44BF-B0D2-1494499615AC} = {36796C28-D29F-431D-92ED-771F9A0EE06D}
		{C2257C97-F643-4644-8D02-6638AF8BD891} = {36796C28-D29F-431D-92ED-771F9A0EE06D}
		{8C5FDCB2-EB4A-497D-8C43-B335B7F71D7F} = {36796C28-D29F-431D-92ED-771F9A0EE06D}
		{0B06171D-1328-4FA5-8399-E3E1C631B124} = {36796C28-D29F-431D-92ED-771F9A0EE06D}
		{552AB8CC-F1E4-4FDD-A375-F0C662AAA9CF} = {951177A1-1C78-4E96-825F-62729A340BB0}
		{D9880871-1B9E-40DD-952E-33EC87793A65} = {951177A1-1C78-4E96-825F-62729A340BB0}
		{3EA2BF0F-ABBF-4469-A666-F7A240AF4C30} = {951177A1-1C78-4E96-825F-62729A340BB0}
		{7EAB9A85-D74C-4E7E-BB25-A2DBE54FF1B7} = {951177A1-1C78-4E96-825F-62729A340BB0}
		{9388CC90-C82F-499C-9C6E-A6C1CF4A77F5} = {951177A1-1C78-4E96-825F-62729A340BB0}
		{7BEE85E9-D4E3-48FC-9961-4720BCEEAA27} = {1DE8CD8D-1622-4514-972A-49CA505FDD2B}
		{45894ED3-1FB0-4BC3-885A-116CBC0C2771} = {1DE8CD8D-1622-4514-972A-49CA505FDD2B}
		{928F7428-CFA4-4206-A5CC-06C7A6A05841} = {1DE8CD8D-1622-4514-972A-49CA505FDD2B}
		{9AC3B0B9-8CA6-4495-9953-B4097447796E} = {1DE8CD8D-1622-4514-972A-49CA505FDD2B}
		{FA772246-7A67-456A-BAA7-14156EA0E391} = {3B7410FA-08F8-4135-A31C-BEDB0F8058DB}
		{820C57C9-5AC2-407B-B45B-A23A71735D21} = {3B7410FA-08F8-4135-A31C-BEDB0F8058DB}
		{DDAF31DC-71E9-4720-886C-8F3C688824D3} = {3B7410FA-08F8-4135-A31C-BEDB0F8058DB}
		{EA0075FE-3B93-4EFF-87ED-4C522B377362} = {3B7410FA-08F8-4135-A31C-BEDB0F8058DB}
		{55350050-6969-4A63-B775-A63DBE41CE42} = {54D1D6B5-34BD-418F-8E9E-ED9CE1CE63D0}
	EndGlobalSection
	GlobalSection(ExtensibilityGlobals) = postSolution
		SolutionGuid = {92ADA110-DF9C-40F2-9AE6-9F5D517EC54D}
	EndGlobalSection
EndGlobal
